# THIS IS AN AUTOGENERATED FILE. DO NOT EDIT THIS FILE DIRECTLY.
# yarn lockfile v1


"@babel/code-frame@^7.26.2":
  version "7.27.1"
  resolved "https://registry.npmmirror.com/@babel/code-frame/-/code-frame-7.27.1.tgz"
  integrity sha512-cjQ7ZlQ0Mv3b47hABuTevyTuYN4i+loJKGeV9flcCgIK37cCXRh+L1bd3iBHlynerhQ7BhCkn2BPbQUL+rGqFg==
  dependencies:
    "@babel/helper-validator-identifier" "^7.27.1"
    js-tokens "^4.0.0"
    picocolors "^1.1.1"

"@babel/helper-validator-identifier@^7.27.1":
  version "7.27.1"
  resolved "https://registry.npmmirror.com/@babel/helper-validator-identifier/-/helper-validator-identifier-7.27.1.tgz"
  integrity sha512-D2hP9eA+Sqx1kBZgzxZh0y1trbuU+JoDkiEwqhQ36nodYqJwyEIhPSdMNd7lOm/4io72luTPWH20Yda0xOuUow==

"@chainsafe/is-ip@^2.0.1":
  version "2.1.0"
  resolved "https://registry.npmmirror.com/@chainsafe/is-ip/-/is-ip-2.1.0.tgz"
  integrity sha512-KIjt+6IfysQ4GCv66xihEitBjvhU/bixbbbFxdJ1sqCp4uJ0wuZiYBPhksZoy4lfaF0k9cwNzY5upEW/VWdw3w==

"@chainsafe/netmask@^2.0.0":
  version "2.0.0"
  resolved "https://registry.npmmirror.com/@chainsafe/netmask/-/netmask-2.0.0.tgz"
  integrity sha512-I3Z+6SWUoaljh3TBzCnCxjlUyN8tA+NAk5L6m9IxvCf1BENQTePzPMis97CoN/iMW1St3WN+AWCCRp+TTBRiDg==
  dependencies:
    "@chainsafe/is-ip" "^2.0.1"

"@dual-bundle/import-meta-resolve@^4.1.0":
  version "4.1.0"
  resolved "https://registry.npmmirror.com/@dual-bundle/import-meta-resolve/-/import-meta-resolve-4.1.0.tgz"
  integrity sha512-+nxncfwHM5SgAtrVzgpzJOI1ol0PkumhVo469KCf9lUi21IGcY90G98VuHm9VRrUypmAzawAHO9bs6hqeADaVg==

"@fastify/deepmerge@^2.0.0":
  version "2.0.2"
  resolved "https://registry.npmmirror.com/@fastify/deepmerge/-/deepmerge-2.0.2.tgz"
  integrity sha512-3wuLdX5iiiYeZWP6bQrjqhrcvBIf0NHbQH1Ur1WbHvoiuTYUEItgygea3zs8aHpiitn0lOB8gX20u1qO+FDm7Q==

"@jridgewell/sourcemap-codec@^1.5.0":
  version "1.5.4"
  resolved "https://registry.npmmirror.com/@jridgewell/sourcemap-codec/-/sourcemap-codec-1.5.4.tgz"
  integrity sha512-VT2+G1VQs/9oz078bLrYbecdZKs912zQlkelYpuf+SXF+QvZDYJlbx/LSx+meSAwdDFnF8FVXW92AVjjkVmgFw==

"@leichtgewicht/ip-codec@^2.0.1":
  version "2.0.5"
  resolved "https://registry.npmmirror.com/@leichtgewicht/ip-codec/-/ip-codec-2.0.5.tgz"
  integrity sha512-Vo+PSpZG2/fmgmiNzYK9qWRh8h/CHrwD0mo1h1DzL4yzHNSfWYujGTYsWGreD000gcgmZ7K4Ys6Tx9TxtsKdDw==

"@libp2p/interface@^2.10.5":
  version "2.10.5"
  resolved "https://registry.npmmirror.com/@libp2p/interface/-/interface-2.10.5.tgz"
  integrity sha512-Z52n04Mph/myGdwyExbFi5S/HqrmZ9JOmfLc2v4r2Cik3GRdw98vrGH19PFvvwjLwAjaqsweCtlGaBzAz09YDw==
  dependencies:
    "@multiformats/dns" "^1.0.6"
    "@multiformats/multiaddr" "^12.4.4"
    it-pushable "^3.2.3"
    it-stream-types "^2.0.2"
    main-event "^1.0.1"
    multiformats "^13.3.6"
    progress-events "^1.0.1"
    uint8arraylist "^2.4.8"

"@multiformats/dns@^1.0.3", "@multiformats/dns@^1.0.6":
  version "1.0.6"
  resolved "https://registry.npmmirror.com/@multiformats/dns/-/dns-1.0.6.tgz"
  integrity sha512-nt/5UqjMPtyvkG9BQYdJ4GfLK3nMqGpFZOzf4hAmIa0sJh2LlS9YKXZ4FgwBDsaHvzZqR/rUFIywIc7pkHNNuw==
  dependencies:
    "@types/dns-packet" "^5.6.5"
    buffer "^6.0.3"
    dns-packet "^5.6.1"
    hashlru "^2.3.0"
    p-queue "^8.0.1"
    progress-events "^1.0.0"
    uint8arrays "^5.0.2"

"@multiformats/multiaddr@^12.4.4", "@multiformats/multiaddr@^12.5.1":
  version "12.5.1"
  resolved "https://registry.npmmirror.com/@multiformats/multiaddr/-/multiaddr-12.5.1.tgz"
  integrity sha512-+DDlr9LIRUS8KncI1TX/FfUn8F2dl6BIxJgshS/yFQCNB5IAF0OGzcwB39g5NLE22s4qqDePv0Qof6HdpJ/4aQ==
  dependencies:
    "@chainsafe/is-ip" "^2.0.1"
    "@chainsafe/netmask" "^2.0.0"
    "@multiformats/dns" "^1.0.3"
    abort-error "^1.0.1"
    multiformats "^13.0.0"
    uint8-varint "^2.0.1"
    uint8arrays "^5.0.0"

"@rollup/plugin-alias@^5.1.1":
  version "5.1.1"
  resolved "https://registry.npmmirror.com/@rollup/plugin-alias/-/plugin-alias-5.1.1.tgz"
  integrity sha512-PR9zDb+rOzkRb2VD+EuKB7UC41vU5DIwZ5qqCpk0KJudcWAyi8rvYOhS7+L5aZCspw1stTViLgN5v6FF1p5cgQ==

"@rollup/plugin-commonjs@^28.0.6":
  version "28.0.6"
  resolved "https://registry.npmmirror.com/@rollup/plugin-commonjs/-/plugin-commonjs-28.0.6.tgz"
  integrity sha512-XSQB1K7FUU5QP+3lOQmVCE3I0FcbbNvmNT4VJSj93iUjayaARrTQeoRdiYQoftAJBLrR9t2agwAd3ekaTgHNlw==
  dependencies:
    "@rollup/pluginutils" "^5.0.1"
    commondir "^1.0.1"
    estree-walker "^2.0.2"
    fdir "^6.2.0"
    is-reference "1.2.1"
    magic-string "^0.30.3"
    picomatch "^4.0.2"

"@rollup/plugin-node-resolve@^16.0.1":
  version "16.0.1"
  resolved "https://registry.npmmirror.com/@rollup/plugin-node-resolve/-/plugin-node-resolve-16.0.1.tgz"
  integrity sha512-tk5YCxJWIG81umIvNkSod2qK5KyQW19qcBF/B78n1bjtOON6gzKoVeSzAE8yHCZEDmqkHKkxplExA8KzdJLJpA==
  dependencies:
    "@rollup/pluginutils" "^5.0.1"
    "@types/resolve" "1.20.2"
    deepmerge "^4.2.2"
    is-module "^1.0.0"
    resolve "^1.22.1"

"@rollup/pluginutils@^5.0.1", "@rollup/pluginutils@^5.1.2":
  version "5.2.0"
  resolved "https://registry.npmmirror.com/@rollup/pluginutils/-/pluginutils-5.2.0.tgz"
  integrity sha512-qWJ2ZTbmumwiLFomfzTyt5Kng4hwPi9rwCYN4SHb6eaRU1KNO4ccxINHr/VhH4GgPlt1XfSTLX2LBTme8ne4Zw==
  dependencies:
    "@types/estree" "^1.0.0"
    estree-walker "^2.0.2"
    picomatch "^4.0.2"

"@rollup/rollup-win32-x64-msvc@4.46.2":
  version "4.46.2"
  resolved "https://registry.npmmirror.com/@rollup/rollup-win32-x64-msvc/-/rollup-win32-x64-msvc-4.46.2.tgz"
  integrity sha512-CvUo2ixeIQGtF6WvuB87XWqPQkoFAFqW+HUo/WzHwuHDvIwZCtjdWXoYCcr06iKGydiqTclC4jU/TNObC/xKZg==

"@swc/core-win32-x64-msvc@1.13.3":
  version "1.13.3"
  resolved "https://registry.npmmirror.com/@swc/core-win32-x64-msvc/-/core-win32-x64-msvc-1.13.3.tgz"
  integrity sha512-A+JSKGkRbPLVV2Kwx8TaDAV0yXIXm/gc8m98hSkVDGlPBBmydgzNdWy3X7HTUBM7IDk7YlWE7w2+RUGjdgpTmg==

"@swc/core@^1.13.3", "@swc/core@>=1.2.165":
  version "1.13.3"
  resolved "https://registry.npmmirror.com/@swc/core/-/core-1.13.3.tgz"
  integrity sha512-ZaDETVWnm6FE0fc+c2UE8MHYVS3Fe91o5vkmGfgwGXFbxYvAjKSqxM/j4cRc9T7VZNSJjriXq58XkfCp3Y6f+w==
  dependencies:
    "@swc/counter" "^0.1.3"
    "@swc/types" "^0.1.23"
  optionalDependencies:
    "@swc/core-darwin-arm64" "1.13.3"
    "@swc/core-darwin-x64" "1.13.3"
    "@swc/core-linux-arm-gnueabihf" "1.13.3"
    "@swc/core-linux-arm64-gnu" "1.13.3"
    "@swc/core-linux-arm64-musl" "1.13.3"
    "@swc/core-linux-x64-gnu" "1.13.3"
    "@swc/core-linux-x64-musl" "1.13.3"
    "@swc/core-win32-arm64-msvc" "1.13.3"
    "@swc/core-win32-ia32-msvc" "1.13.3"
    "@swc/core-win32-x64-msvc" "1.13.3"

"@swc/counter@^0.1.3":
  version "0.1.3"
  resolved "https://registry.npmmirror.com/@swc/counter/-/counter-0.1.3.tgz"
  integrity sha512-e2BR4lsJkkRlKZ/qCHPw9ZaSxc0MVUd7gtbtaB7aMvHeJVYe8sOB8DBZkP2DtISHGSku9sCK6T6cnY0CtXrOCQ==

"@swc/types@^0.1.23":
  version "0.1.24"
  resolved "https://registry.npmmirror.com/@swc/types/-/types-0.1.24.tgz"
  integrity sha512-tjTMh3V4vAORHtdTprLlfoMptu1WfTZG9Rsca6yOKyNYsRr+MUXutKmliB17orgSZk5DpnDxs8GUdd/qwYxOng==
  dependencies:
    "@swc/counter" "^0.1.3"

"@trpc/client@^11.4.4":
  version "11.4.4"
  resolved "https://registry.npmmirror.com/@trpc/client/-/client-11.4.4.tgz"
  integrity sha512-86OZl+Y+Xlt9ITGlhCMImERcsWCOrVzpNuzg3XBlsDSmSs9NGsghKjeCpJQlE36XaG3aze+o9pRukiYYvBqxgQ==

"@trpc/server@^11.4.4", "@trpc/server@11.4.4":
  version "11.4.4"
  resolved "https://registry.npmmirror.com/@trpc/server/-/server-11.4.4.tgz"
  integrity sha512-VkJb2xnb4rCynuwlCvgPBh5aM+Dco6fBBIo6lWAdJJRYVwtyE5bxNZBgUvRRz/cFSEAy0vmzLxF7aABDJfK5Rg==

"@types/dns-packet@^5.6.5":
  version "5.6.5"
  resolved "https://registry.npmmirror.com/@types/dns-packet/-/dns-packet-5.6.5.tgz"
  integrity sha512-qXOC7XLOEe43ehtWJCMnQXvgcIpv6rPmQ1jXT98Ad8A3TB1Ue50jsCbSSSyuazScEuZ/Q026vHbrOTVkmwA+7Q==
  dependencies:
    "@types/node" "*"

"@types/estree@*", "@types/estree@^1.0.0", "@types/estree@1.0.8":
  version "1.0.8"
  resolved "https://registry.npmmirror.com/@types/estree/-/estree-1.0.8.tgz"
  integrity sha512-dWHzHa2WqEXI/O1E9OjrocMTKJl2mSrEolh1Iomrv6U+JuNwaHXsXx9bLu5gG7BUWFIN0skIQJQ/L1rIex4X6w==

"@types/node@*":
  version "24.2.1"
  resolved "https://registry.npmmirror.com/@types/node/-/node-24.2.1.tgz"
  integrity sha512-DRh5K+ka5eJic8CjH7td8QpYEV6Zo10gfRkjHCO3weqZHWDtAaSTFtl4+VMqOJ4N5jcuhZ9/l+yy8rVgw7BQeQ==
  dependencies:
    undici-types "~7.10.0"

"@types/resolve@1.20.2":
  version "1.20.2"
  resolved "https://registry.npmmirror.com/@types/resolve/-/resolve-1.20.2.tgz"
  integrity sha512-60BCwRFOZCQhDncwQdxxeOEEkbc5dIMccYLwbxsS4TUNeVECQ/pBJ0j09mrHOl/JJvpRPGwO9SvE4nR2Nb/a4Q==

"@utilify/core@^2.0.3":
  version "2.0.3"
  resolved "https://registry.npmmirror.com/@utilify/core/-/core-2.0.3.tgz"
  integrity sha512-svm57w077cQkrWQXKbQsLwdRIUyCWO/kb+2RwtiDuwMVFDGqhyJtT6z8v1Ebh0+tFgiXk6qPHAgV3GV6nUx3yA==

abort-error@^1.0.1:
  version "1.0.1"
  resolved "https://registry.npmmirror.com/abort-error/-/abort-error-1.0.1.tgz"
  integrity sha512-fxqCblJiIPdSXIUrxI0PL+eJG49QdP9SQ70qtB65MVAoMr2rASlOyAbJFOylfB467F/f+5BCLJJq58RYi7mGfg==

base64-js@^1.3.1:
  version "1.5.1"
  resolved "https://registry.npmmirror.com/base64-js/-/base64-js-1.5.1.tgz"
  integrity sha512-AKpaYlHn8t4SVbOHCy+b5+KKgvR4vrsD8vbvrbiQJps7fKDTkjkDry6ji0rUJjC0kzbNePLwzxq8iypo41qeWA==

bson@^6.10.4:
  version "6.10.4"
  resolved "https://registry.npmmirror.com/bson/-/bson-6.10.4.tgz"
  integrity sha512-WIsKqkSC0ABoBJuT1LEX+2HEvNmNKKgnTAyd0fL8qzK4SH2i9NXg+t08YtdZp/V9IZ33cxe3iV4yM0qg8lMQng==

buffer@^6.0.3:
  version "6.0.3"
  resolved "https://registry.npmmirror.com/buffer/-/buffer-6.0.3.tgz"
  integrity sha512-FTiCpNxtwiZZHEZbcbTIcZjERVICn9yq/pDFkTl95/AxzD1naBctN7YO68riM/gLSDY7sdrMby8hofADYuuqOA==
  dependencies:
    base64-js "^1.3.1"
    ieee754 "^1.2.1"

commondir@^1.0.1:
  version "1.0.1"
  resolved "https://registry.npmmirror.com/commondir/-/commondir-1.0.1.tgz"
  integrity sha512-W9pAhw0ja1Edb5GVdIF1mjZw/ASI0AlShXM83UUGe2DVr5TdAPEA1OA8m/g8zWp9x6On7gqufY+FatDbC3MDQg==

deepmerge@^4.2.2:
  version "4.3.1"
  resolved "https://registry.npmmirror.com/deepmerge/-/deepmerge-4.3.1.tgz"
  integrity sha512-3sUqbMEc77XqpdNO7FRyRog+eW3ph+GYCbj+rK+uYyRMuwsVy0rMiVtPn+QJlKFvWP/1PYpapqYn0Me2knFn+A==

dns-packet@^5.6.1:
  version "5.6.1"
  resolved "https://registry.npmmirror.com/dns-packet/-/dns-packet-5.6.1.tgz"
  integrity sha512-l4gcSouhcgIKRvyy99RNVOgxXiicE+2jZoNmaNmZ6JXiGajBOJAesk1OBlJuM5k2c+eudGdLxDqXuPCKIj6kpw==
  dependencies:
    "@leichtgewicht/ip-codec" "^2.0.1"

estree-walker@^2.0.2:
  version "2.0.2"
  resolved "https://registry.npmmirror.com/estree-walker/-/estree-walker-2.0.2.tgz"
  integrity sha512-Rfkk/Mp/DL7JVje3u18FxFujQlTNR2q6QfMSMB7AvCBx91NGj/ba3kCfza0f6dVDbw7YlRf/nDrn7pQrCCyQ/w==

eventemitter3@^5.0.1:
  version "5.0.1"
  resolved "https://registry.npmmirror.com/eventemitter3/-/eventemitter3-5.0.1.tgz"
  integrity sha512-GWkBvjiSZK87ELrYOSESUYeVIc9mvLLf/nXalMOS5dYrgZq9o5OVkbZAVM06CVxYsCwH9BDZFPlQTlPA1j4ahA==

events@^3.3.0:
  version "3.3.0"
  resolved "https://registry.npmmirror.com/events/-/events-3.3.0.tgz"
  integrity sha512-mQw+2fkQbALzQ7V0MY0IqdnXNOeTtP4r0lN9z7AAawCXgqea7bDii20AYrIBrFd/Hx0M2Ocz6S111CaFkUcb0Q==

fdir@^6.2.0:
  version "6.4.6"
  resolved "https://registry.npmmirror.com/fdir/-/fdir-6.4.6.tgz"
  integrity sha512-hiFoqpyZcfNm1yc4u8oWCf9A2c4D3QjCrks3zmoVKVxpQRzmPNar1hUJcBG2RQHvEVGDN+Jm81ZheVLAQMK6+w==

function-bind@^1.1.2:
  version "1.1.2"
  resolved "https://registry.npmmirror.com/function-bind/-/function-bind-1.1.2.tgz"
  integrity sha512-7XHNxH7qX9xG5mIwxkhumTox/MIRNcOgDrxWsMt2pAr23WHp6MrRlN7FBSFpCpr+oVO0F744iUgR82nJMfG2SA==

get-tsconfig@^4.8.1:
  version "4.10.1"
  resolved "https://registry.npmmirror.com/get-tsconfig/-/get-tsconfig-4.10.1.tgz"
  integrity sha512-auHyJ4AgMz7vgS8Hp3N6HXSmlMdUyhSUrfBF16w153rxtLIEOE+HGqaBppczZvnHLqQJfiHotCYpNhl0lUROFQ==
  dependencies:
    resolve-pkg-maps "^1.0.0"

hashlru@^2.3.0:
  version "2.3.0"
  resolved "https://registry.npmmirror.com/hashlru/-/hashlru-2.3.0.tgz"
  integrity sha512-0cMsjjIC8I+D3M44pOQdsy0OHXGLVz6Z0beRuufhKa0KfaD2wGwAev6jILzXsd3/vpnNQJmWyZtIILqM1N+n5A==

hasown@^2.0.2:
  version "2.0.2"
  resolved "https://registry.npmmirror.com/hasown/-/hasown-2.0.2.tgz"
  integrity sha512-0hJU9SCPvmMzIBdZFqNPXWa6dqh7WdH0cII9y+CyS8rG3nL48Bclra9HmKhVVUHyPWNH5Y7xDwAB7bfgSjkUMQ==
  dependencies:
    function-bind "^1.1.2"

ieee754@^1.2.1:
  version "1.2.1"
  resolved "https://registry.npmmirror.com/ieee754/-/ieee754-1.2.1.tgz"
  integrity sha512-dcyqhDvX1C46lXZcVqCpK+FtMRQVdIMN6/Df5js2zouUsqG7I6sFxitIC+7KYK29KdXOLHdu9zL4sFnoVQnqaA==

is-core-module@^2.16.0:
  version "2.16.1"
  resolved "https://registry.npmmirror.com/is-core-module/-/is-core-module-2.16.1.tgz"
  integrity sha512-UfoeMA6fIJ8wTYFEUjelnaGI67v6+N7qXJEvQuIGa99l4xsCruSYOVSQ0uPANn4dAzm8lkYPaKLrrijLq7x23w==
  dependencies:
    hasown "^2.0.2"

is-module@^1.0.0:
  version "1.0.0"
  resolved "https://registry.npmmirror.com/is-module/-/is-module-1.0.0.tgz"
  integrity sha512-51ypPSPCoTEIN9dy5Oy+h4pShgJmPCygKfyRCISBI+JoWT/2oJvK8QPxmwv7b/p239jXrm9M1mlQbyKJ5A152g==

is-reference@1.2.1:
  version "1.2.1"
  resolved "https://registry.npmmirror.com/is-reference/-/is-reference-1.2.1.tgz"
  integrity sha512-U82MsXXiFIrjCK4otLT+o2NA2Cd2g5MLoOVXUZjIOhLurrRxpEXzI8O0KZHr3IjLvlAH1kTPYSuqer5T9ZVBKQ==
  dependencies:
    "@types/estree" "*"

it-length-prefixed@^10.0.1:
  version "10.0.1"
  resolved "https://registry.npmmirror.com/it-length-prefixed/-/it-length-prefixed-10.0.1.tgz"
  integrity sha512-BhyluvGps26u9a7eQIpOI1YN7mFgi8lFwmiPi07whewbBARKAG9LE09Odc8s1Wtbt2MB6rNUrl7j9vvfXTJwdQ==
  dependencies:
    it-reader "^6.0.1"
    it-stream-types "^2.0.1"
    uint8-varint "^2.0.1"
    uint8arraylist "^2.0.0"
    uint8arrays "^5.0.1"

it-merge@^3.0.0:
  version "3.0.12"
  resolved "https://registry.npmmirror.com/it-merge/-/it-merge-3.0.12.tgz"
  integrity sha512-nnnFSUxKlkZVZD7c0jYw6rDxCcAQYcMsFj27thf7KkDhpj0EA0g9KHPxbFzHuDoc6US2EPS/MtplkNj8sbCx4Q==
  dependencies:
    it-queueless-pushable "^2.0.0"

it-pipe@^3.0.1:
  version "3.0.1"
  resolved "https://registry.npmmirror.com/it-pipe/-/it-pipe-3.0.1.tgz"
  integrity sha512-sIoNrQl1qSRg2seYSBH/3QxWhJFn9PKYvOf/bHdtCBF0bnghey44VyASsWzn5dAx0DCDDABq1hZIuzKmtBZmKA==
  dependencies:
    it-merge "^3.0.0"
    it-pushable "^3.1.2"
    it-stream-types "^2.0.1"

it-pushable@^3.1.2, it-pushable@^3.2.3:
  version "3.2.3"
  resolved "https://registry.npmmirror.com/it-pushable/-/it-pushable-3.2.3.tgz"
  integrity sha512-gzYnXYK8Y5t5b/BnJUr7glfQLO4U5vyb05gPx/TyTw+4Bv1zM9gFk4YsOrnulWefMewlphCjKkakFvj1y99Tcg==
  dependencies:
    p-defer "^4.0.0"

it-queueless-pushable@^2.0.0:
  version "2.0.2"
  resolved "https://registry.npmmirror.com/it-queueless-pushable/-/it-queueless-pushable-2.0.2.tgz"
  integrity sha512-2BqIt7XvDdgEgudLAdJkdseAwbVSBc0yAd8yPVHrll4eBuJPWIj9+8C3OIxzEKwhswLtd3bi+yLrzgw9gCyxMA==
  dependencies:
    abort-error "^1.0.1"
    p-defer "^4.0.1"
    race-signal "^1.1.3"

it-reader@^6.0.1:
  version "6.0.4"
  resolved "https://registry.npmmirror.com/it-reader/-/it-reader-6.0.4.tgz"
  integrity sha512-XCWifEcNFFjjBHtor4Sfaj8rcpt+FkY0L6WdhD578SCDhV4VUm7fCkF3dv5a+fTcfQqvN9BsxBTvWbYO6iCjTg==
  dependencies:
    it-stream-types "^2.0.1"
    uint8arraylist "^2.0.0"

it-stream-types@^2.0.1, it-stream-types@^2.0.2:
  version "2.0.2"
  resolved "https://registry.npmmirror.com/it-stream-types/-/it-stream-types-2.0.2.tgz"
  integrity sha512-Rz/DEZ6Byn/r9+/SBCuJhpPATDF9D+dz5pbgSUyBsCDtza6wtNATrz/jz1gDyNanC3XdLboriHnOC925bZRBww==

js-tokens@^4.0.0:
  version "4.0.0"
  resolved "https://registry.npmmirror.com/js-tokens/-/js-tokens-4.0.0.tgz"
  integrity sha512-RdJUflcE3cUzKiMqQgsCu06FPu9UdIJO0beYbPhHN4k6apgJtifcoCtT9bcxOpYBtpD2kCM6Sbzg4CausW/PKQ==

magic-string@^0.30.17, magic-string@^0.30.3, magic-string@^0.30.5:
  version "0.30.17"
  resolved "https://registry.npmmirror.com/magic-string/-/magic-string-0.30.17.tgz"
  integrity sha512-sNPKHvyjVf7gyjwS4xGTaW/mCnF8wnjtifKBEhxfZ7E/S8tQ0rssrwGNn6q8JH/ohItJfSQp9mBtQYuTlH5QnA==
  dependencies:
    "@jridgewell/sourcemap-codec" "^1.5.0"

main-event@^1.0.1:
  version "1.0.1"
  resolved "https://registry.npmmirror.com/main-event/-/main-event-1.0.1.tgz"
  integrity sha512-NWtdGrAca/69fm6DIVd8T9rtfDII4Q8NQbIbsKQq2VzS9eqOGYs8uaNQjcuaCq/d9H/o625aOTJX2Qoxzqw0Pw==

multiformats@^13.0.0, multiformats@^13.3.6:
  version "13.4.0"
  resolved "https://registry.npmmirror.com/multiformats/-/multiformats-13.4.0.tgz"
  integrity sha512-Mkb/QcclrJxKC+vrcIFl297h52QcKh2Az/9A5vbWytbQt4225UWWWmIuSsKksdww9NkIeYcA7DkfftyLuC/JSg==

p-defer@^4.0.0, p-defer@^4.0.1:
  version "4.0.1"
  resolved "https://registry.npmmirror.com/p-defer/-/p-defer-4.0.1.tgz"
  integrity sha512-Mr5KC5efvAK5VUptYEIopP1bakB85k2IWXaRC0rsh1uwn1L6M0LVml8OIQ4Gudg4oyZakf7FmeRLkMMtZW1i5A==

p-queue@^8.0.1:
  version "8.1.0"
  resolved "https://registry.npmmirror.com/p-queue/-/p-queue-8.1.0.tgz"
  integrity sha512-mxLDbbGIBEXTJL0zEx8JIylaj3xQ7Z/7eEVjcF9fJX4DBiH9oqe+oahYnlKKxm0Ci9TlWTyhSHgygxMxjIB2jw==
  dependencies:
    eventemitter3 "^5.0.1"
    p-timeout "^6.1.2"

p-timeout@^6.1.2:
  version "6.1.4"
  resolved "https://registry.npmmirror.com/p-timeout/-/p-timeout-6.1.4.tgz"
  integrity sha512-MyIV3ZA/PmyBN/ud8vV9XzwTrNtR4jFrObymZYnZqMmW0zA8Z17vnT0rBgFE/TlohB+YCHqXMgZzb3Csp49vqg==

path-parse@^1.0.7:
  version "1.0.7"
  resolved "https://registry.npmmirror.com/path-parse/-/path-parse-1.0.7.tgz"
  integrity sha512-LDJzPVEEEPR+y48z93A0Ed0yXb8pAByGWo/k5YYdYgpY2/2EsOsksJrq7lOHxryrVOn1ejG6oAp8ahvOIQD8sw==

picocolors@^1.1.1:
  version "1.1.1"
  resolved "https://registry.npmmirror.com/picocolors/-/picocolors-1.1.1.tgz"
  integrity sha512-xceH2snhtb5M9liqDsmEw56le376mTZkEX/jEb/RxNFyegNul7eNslCXP9FDj/Lcu0X8KEyMceP2ntpaHrDEVA==

"picomatch@^3 || ^4", picomatch@^4.0.2:
  version "4.0.3"
  resolved "https://registry.npmmirror.com/picomatch/-/picomatch-4.0.3.tgz"
  integrity sha512-5gTmgEY/sqK6gFXLIsQNH19lWb4ebPDLA4SdLP7dsWkIXHWlG66oPuVvXSGFPppYZz8ZDZq0dYYrbHfBCVUb1Q==

progress-events@^1.0.0, progress-events@^1.0.1:
  version "1.0.1"
  resolved "https://registry.npmmirror.com/progress-events/-/progress-events-1.0.1.tgz"
  integrity sha512-MOzLIwhpt64KIVN64h1MwdKWiyKFNc/S6BoYKPIVUHFg0/eIEyBulhWCgn678v/4c0ri3FdGuzXymNCv02MUIw==

race-signal@^1.1.3:
  version "1.1.3"
  resolved "https://registry.npmmirror.com/race-signal/-/race-signal-1.1.3.tgz"
  integrity sha512-Mt2NznMgepLfORijhQMncE26IhkmjEphig+/1fKC0OtaKwys/gpvpmswSjoN01SS+VO951mj0L4VIDXdXsjnfA==

resolve-pkg-maps@^1.0.0:
  version "1.0.0"
  resolved "https://registry.npmmirror.com/resolve-pkg-maps/-/resolve-pkg-maps-1.0.0.tgz"
  integrity sha512-seS2Tj26TBVOC2NIc2rOe2y2ZO7efxITtLZcGSOnHHNOQ7CkiUBfw0Iw2ck6xkIhPwLhKNLS8BO+hEpngQlqzw==

resolve@^1.22.1:
  version "1.22.10"
  resolved "https://registry.npmmirror.com/resolve/-/resolve-1.22.10.tgz"
  integrity sha512-NPRy+/ncIMeDlTAsuqwKIiferiawhefFJtkNSW0qZJEqMEb+qBt/77B/jGeeek+F0uOeN05CDa6HXbbIgtVX4w==
  dependencies:
    is-core-module "^2.16.0"
    path-parse "^1.0.7"
    supports-preserve-symlinks-flag "^1.0.0"

rollup-plugin-dts@^6.2.1:
  version "6.2.1"
  resolved "https://registry.npmmirror.com/rollup-plugin-dts/-/rollup-plugin-dts-6.2.1.tgz"
  integrity sha512-sR3CxYUl7i2CHa0O7bA45mCrgADyAQ0tVtGSqi3yvH28M+eg1+g5d7kQ9hLvEz5dorK3XVsH5L2jwHLQf72DzA==
  dependencies:
    magic-string "^0.30.17"
  optionalDependencies:
    "@babel/code-frame" "^7.26.2"

rollup-plugin-swc3@^0.12.1:
  version "0.12.1"
  resolved "https://registry.npmmirror.com/rollup-plugin-swc3/-/rollup-plugin-swc3-0.12.1.tgz"
  integrity sha512-iNV1T432XvyejZ19/41C2gLbXxEOiiJynPPAFF0WzwwFT5FHx7SstAp0yjJRLyrbZjfIhoWJVl3hX3c3Stv/GQ==
  dependencies:
    "@dual-bundle/import-meta-resolve" "^4.1.0"
    "@fastify/deepmerge" "^2.0.0"
    "@rollup/pluginutils" "^5.1.2"
    get-tsconfig "^4.8.1"
    rollup-preserve-directives "^1.1.2"

rollup-preserve-directives@^1.1.2:
  version "1.1.3"
  resolved "https://registry.npmmirror.com/rollup-preserve-directives/-/rollup-preserve-directives-1.1.3.tgz"
  integrity sha512-oXqxd6ZzkoQej8Qt0k+S/yvO2+S4CEVEVv2g85oL15o0cjAKTKEuo2MzyA8FcsBBXbtytBzBMFAbhvQg4YyPUQ==
  dependencies:
    magic-string "^0.30.5"

rollup@^1.20.0||^2.0.0||^3.0.0||^4.0.0, "rollup@^2.0.0 || ^3.0.0 || ^4.0.0", rollup@^2.68.0||^3.0.0||^4.0.0, rollup@^2.78.0||^3.0.0||^4.0.0, "rollup@^3.29.4 || ^4", rollup@^4.46.2:
  version "4.46.2"
  resolved "https://registry.npmmirror.com/rollup/-/rollup-4.46.2.tgz"
  integrity sha512-WMmLFI+Boh6xbop+OAGo9cQ3OgX9MIg7xOQjn+pTCwOkk+FNDAeAemXkJ3HzDJrVXleLOFVa1ipuc1AmEx1Dwg==
  dependencies:
    "@types/estree" "1.0.8"
  optionalDependencies:
    "@rollup/rollup-android-arm-eabi" "4.46.2"
    "@rollup/rollup-android-arm64" "4.46.2"
    "@rollup/rollup-darwin-arm64" "4.46.2"
    "@rollup/rollup-darwin-x64" "4.46.2"
    "@rollup/rollup-freebsd-arm64" "4.46.2"
    "@rollup/rollup-freebsd-x64" "4.46.2"
    "@rollup/rollup-linux-arm-gnueabihf" "4.46.2"
    "@rollup/rollup-linux-arm-musleabihf" "4.46.2"
    "@rollup/rollup-linux-arm64-gnu" "4.46.2"
    "@rollup/rollup-linux-arm64-musl" "4.46.2"
    "@rollup/rollup-linux-loongarch64-gnu" "4.46.2"
    "@rollup/rollup-linux-ppc64-gnu" "4.46.2"
    "@rollup/rollup-linux-riscv64-gnu" "4.46.2"
    "@rollup/rollup-linux-riscv64-musl" "4.46.2"
    "@rollup/rollup-linux-s390x-gnu" "4.46.2"
    "@rollup/rollup-linux-x64-gnu" "4.46.2"
    "@rollup/rollup-linux-x64-musl" "4.46.2"
    "@rollup/rollup-win32-arm64-msvc" "4.46.2"
    "@rollup/rollup-win32-ia32-msvc" "4.46.2"
    "@rollup/rollup-win32-x64-msvc" "4.46.2"
    fsevents "~2.3.2"

supports-preserve-symlinks-flag@^1.0.0:
  version "1.0.0"
  resolved "https://registry.npmmirror.com/supports-preserve-symlinks-flag/-/supports-preserve-symlinks-flag-1.0.0.tgz"
  integrity sha512-ot0WnXS9fgdkgIcePe6RHNk1WA8+muPa6cSjeR3V8K27q9BB1rTE3R1p7Hv0z1ZyAc8s6Vvv8DIyWf681MAt0w==

"typescript@^4.5 || ^5.0", typescript@^5.9.2, typescript@>=5.7.2:
  version "5.9.2"
  resolved "https://registry.npmmirror.com/typescript/-/typescript-5.9.2.tgz"
  integrity sha512-CWBzXQrc/qOkhidw1OzBTQuYRbfyxDXJMVJ1XNwUHGROVmuaeiEm3OslpZ1RV96d7SKKjZKrSJu3+t/xlw3R9A==

uint8-varint@^2.0.1:
  version "2.0.4"
  resolved "https://registry.npmmirror.com/uint8-varint/-/uint8-varint-2.0.4.tgz"
  integrity sha512-FwpTa7ZGA/f/EssWAb5/YV6pHgVF1fViKdW8cWaEarjB8t7NyofSWBdOTyFPaGuUG4gx3v1O3PQ8etsiOs3lcw==
  dependencies:
    uint8arraylist "^2.0.0"
    uint8arrays "^5.0.0"

uint8arraylist@^2.0.0, uint8arraylist@^2.4.8:
  version "2.4.8"
  resolved "https://registry.npmmirror.com/uint8arraylist/-/uint8arraylist-2.4.8.tgz"
  integrity sha512-vc1PlGOzglLF0eae1M8mLRTBivsvrGsdmJ5RbK3e+QRvRLOZfZhQROTwH/OfyF3+ZVUg9/8hE8bmKP2CvP9quQ==
  dependencies:
    uint8arrays "^5.0.1"

uint8arrays@^5.0.0, uint8arrays@^5.0.1, uint8arrays@^5.0.2:
  version "5.1.0"
  resolved "https://registry.npmmirror.com/uint8arrays/-/uint8arrays-5.1.0.tgz"
  integrity sha512-vA6nFepEmlSKkMBnLBaUMVvAC4G3CTmO58C12y4sq6WPDOR7mOFYOi7GlrQ4djeSbP6JG9Pv9tJDM97PedRSww==
  dependencies:
    multiformats "^13.0.0"

undici-types@~7.10.0:
  version "7.10.0"
  resolved "https://registry.npmmirror.com/undici-types/-/undici-types-7.10.0.tgz"
  integrity sha512-t5Fy/nfn+14LuOc2KNYg75vZqClpAiqscVvMygNnlsHBFpSXdJaYtXMcdNLpl/Qvc3P2cB3s6lOV51nqsFq4ag==
